
Microsoft Visual Studio Solution File, Format Version 12.00
# Visual Studio Version 17
VisualStudioVersion = 17.14.36414.22 d17.14
MinimumVisualStudioVersion = 10.0.40219.1
Project("{FAE04EC0-301F-11D3-BF4B-00C04F79EFBC}") = "Cookmaster", "Cookmaster\Cookmaster.csproj", "{C216FFBB-85E6-4C01-B140-316577C70216}"
EndProject
Global
	GlobalSection(SolutionConfigurationPlatforms) = preSolution
		Debug|Any CPU = Debug|Any CPU
		Release|Any CPU = Release|Any CPU
	EndGlobalSection
	GlobalSection(ProjectConfigurationPlatforms) = postSolution
		{C216FFBB-85E6-4C01-B140-316577C70216}.Debug|Any CPU.ActiveCfg = Debug|Any CPU
		{C216FFBB-85E6-4C01-B140-316577C70216}.Debug|Any CPU.Build.0 = Debug|Any CPU
		{C216FFBB-85E6-4C01-B140-316577C70216}.Release|Any CPU.ActiveCfg = Release|Any CPU
		{C216FFBB-85E6-4C01-B140-316577C70216}.Release|Any CPU.Build.0 = Release|Any CPU
	EndGlobalSection
	GlobalSection(SolutionProperties) = preSolution
		HideSolutionNode = FALSE
	EndGlobalSection
	GlobalSection(ExtensibilityGlobals) = postSolution
		SolutionGuid = {80135C45-A031-4072-9966-2924C87F9166}
	EndGlobalSection
EndGlobal
